
Microsoft Visual Studio Solution File, Format Version 12.00
# Visual Studio 15
Project("{FAE04EC0-301F-11D3-BF4B-00C04F79EFBC}") = "UnityEngine.TestRunner", "UnityEngine.TestRunner.csproj", "{3064BE37-9052-A834-5ADB-64C2FA8677A0}"
EndProject
Project("{FAE04EC0-301F-11D3-BF4B-00C04F79EFBC}") = "UnityEngine.UI", "UnityEngine.UI.csproj", "{9CF40783-D6C4-A1F6-4D26-2AA31D790DF0}"
EndProject
Project("{FAE04EC0-301F-11D3-BF4B-00C04F79EFBC}") = "Unity.VisualScripting.Flow", "Unity.VisualScripting.Flow.csproj", "{39C422CC-A01B-4ABD-5ADE-07AC8EDD1CD6}"
EndProject
Project("{FAE04EC0-301F-11D3-BF4B-00C04F79EFBC}") = "Unity.VisualScripting.State", "Unity.VisualScripting.State.csproj", "{710BDE5B-564B-2F7F-49EA-9B6BFF368916}"
EndProject
Project("{FAE04EC0-301F-11D3-BF4B-00C04F79EFBC}") = "Unity.VisualScripting.Core", "Unity.VisualScripting.Core.csproj", "{5B302356-5043-52D1-89D4-428F90692410}"
EndProject
Project("{FAE04EC0-301F-11D3-BF4B-00C04F79EFBC}") = "Unity.TextMeshPro", "Unity.TextMeshPro.csproj", "{9CF92F61-B4A8-6481-DB87-6243BC224D5F}"
EndProject
Project("{FAE04EC0-301F-11D3-BF4B-00C04F79EFBC}") = "Unity.Timeline", "Unity.Timeline.csproj", "{FCBC2F8B-6AC2-27FD-0A5B-858F71735AE6}"
EndProject
Project("{FAE04EC0-301F-11D3-BF4B-00C04F79EFBC}") = "Assembly-CSharp", "Assembly-CSharp.csproj", "{D51B9534-BD06-1430-E879-51A3C164F02F}"
EndProject
Project("{FAE04EC0-301F-11D3-BF4B-00C04F79EFBC}") = "Unity.PlasticSCM.Editor", "Unity.PlasticSCM.Editor.csproj", "{7B582B96-ADC6-7359-C4AC-22FA4777CBD1}"
EndProject
Project("{FAE04EC0-301F-11D3-BF4B-00C04F79EFBC}") = "Unity.VisualScripting.Core.Editor", "Unity.VisualScripting.Core.Editor.csproj", "{B8D89AE2-A97B-D321-42D9-BC3BB9E723AB}"
EndProject
Project("{FAE04EC0-301F-11D3-BF4B-00C04F79EFBC}") = "Unity.VisualScripting.Flow.Editor", "Unity.VisualScripting.Flow.Editor.csproj", "{3670CE3A-23A9-80FE-3568-A46D9B5910DB}"
EndProject
Project("{FAE04EC0-301F-11D3-BF4B-00C04F79EFBC}") = "Unity.VisualStudio.Editor", "Unity.VisualStudio.Editor.csproj", "{5E394C94-9606-207C-7FEA-18E92BA17DCE}"
EndProject
Project("{FAE04EC0-301F-11D3-BF4B-00C04F79EFBC}") = "Unity.Timeline.Editor", "Unity.Timeline.Editor.csproj", "{158A35EB-3463-449C-CBED-9DEB7C4D629B}"
EndProject
Project("{FAE04EC0-301F-11D3-BF4B-00C04F79EFBC}") = "Unity.VisualScripting.State.Editor", "Unity.VisualScripting.State.Editor.csproj", "{3CB16D78-6BC4-178D-F3FA-995A5FD83710}"
EndProject
Project("{FAE04EC0-301F-11D3-BF4B-00C04F79EFBC}") = "Unity.TextMeshPro.Editor", "Unity.TextMeshPro.Editor.csproj", "{C0F71B35-8939-0196-AB5F-48D7398F307A}"
EndProject
Project("{FAE04EC0-301F-11D3-BF4B-00C04F79EFBC}") = "Unity.VisualScripting.SettingsProvider.Editor", "Unity.VisualScripting.SettingsProvider.Editor.csproj", "{1E4BE190-3CB6-45B1-83DC-A2B37DBFDE91}"
EndProject
Project("{FAE04EC0-301F-11D3-BF4B-00C04F79EFBC}") = "Unity.CollabProxy.Editor", "Unity.CollabProxy.Editor.csproj", "{15FA0740-B7E6-AF3B-CFCD-D49AAE962A66}"
EndProject
Project("{FAE04EC0-301F-11D3-BF4B-00C04F79EFBC}") = "UnityEditor.TestRunner", "UnityEditor.TestRunner.csproj", "{025387B8-CBAF-B44A-21DA-1E3985D12440}"
EndProject
Project("{FAE04EC0-301F-11D3-BF4B-00C04F79EFBC}") = "Unity.Rider.Editor", "Unity.Rider.Editor.csproj", "{5C11FC91-0CAF-AEEE-2272-81A4B79C0557}"
EndProject
Project("{FAE04EC0-301F-11D3-BF4B-00C04F79EFBC}") = "Unity.Services.Core.Editor", "Unity.Services.Core.Editor.csproj", "{AE985DC0-D397-09F5-6544-67D5FA2F195A}"
EndProject
Project("{FAE04EC0-301F-11D3-BF4B-00C04F79EFBC}") = "Unity.VSCode.Editor", "Unity.VSCode.Editor.csproj", "{8A02AF6E-3F59-A609-FA6B-36464E99D6FE}"
EndProject
Project("{FAE04EC0-301F-11D3-BF4B-00C04F79EFBC}") = "UnityEditor.UI", "UnityEditor.UI.csproj", "{B75C05A2-8DB1-7A03-CD41-2B0BAE39AC7C}"
EndProject
Project("{FAE04EC0-301F-11D3-BF4B-00C04F79EFBC}") = "Unity.VisualScripting.Shared.Editor", "Unity.VisualScripting.Shared.Editor.csproj", "{0E54E3A3-285A-FEF9-2B43-0AEB4FF78657}"
EndProject
Global
	GlobalSection(SolutionConfigurationPlatforms) = preSolution
		Debug|Any CPU = Debug|Any CPU
		Release|Any CPU = Release|Any CPU
	EndGlobalSection
	GlobalSection(ProjectConfigurationPlatforms) = postSolution
		{3064BE37-9052-A834-5ADB-64C2FA8677A0}.Debug|Any CPU.ActiveCfg = Debug|Any CPU
		{3064BE37-9052-A834-5ADB-64C2FA8677A0}.Debug|Any CPU.Build.0 = Debug|Any CPU
		{3064BE37-9052-A834-5ADB-64C2FA8677A0}.Release|Any CPU.ActiveCfg = Release|Any CPU
		{3064BE37-9052-A834-5ADB-64C2FA8677A0}.Release|Any CPU.Build.0 = Release|Any CPU
		{9CF40783-D6C4-A1F6-4D26-2AA31D790DF0}.Debug|Any CPU.ActiveCfg = Debug|Any CPU
		{9CF40783-D6C4-A1F6-4D26-2AA31D790DF0}.Debug|Any CPU.Build.0 = Debug|Any CPU
		{9CF40783-D6C4-A1F6-4D26-2AA31D790DF0}.Release|Any CPU.ActiveCfg = Release|Any CPU
		{9CF40783-D6C4-A1F6-4D26-2AA31D790DF0}.Release|Any CPU.Build.0 = Release|Any CPU
		{39C422CC-A01B-4ABD-5ADE-07AC8EDD1CD6}.Debug|Any CPU.ActiveCfg = Debug|Any CPU
		{39C422CC-A01B-4ABD-5ADE-07AC8EDD1CD6}.Debug|Any CPU.Build.0 = Debug|Any CPU
		{39C422CC-A01B-4ABD-5ADE-07AC8EDD1CD6}.Release|Any CPU.ActiveCfg = Release|Any CPU
		{39C422CC-A01B-4ABD-5ADE-07AC8EDD1CD6}.Release|Any CPU.Build.0 = Release|Any CPU
		{710BDE5B-564B-2F7F-49EA-9B6BFF368916}.Debug|Any CPU.ActiveCfg = Debug|Any CPU
		{710BDE5B-564B-2F7F-49EA-9B6BFF368916}.Debug|Any CPU.Build.0 = Debug|Any CPU
		{710BDE5B-564B-2F7F-49EA-9B6BFF368916}.Release|Any CPU.ActiveCfg = Release|Any CPU
		{710BDE5B-564B-2F7F-49EA-9B6BFF368916}.Release|Any CPU.Build.0 = Release|Any CPU
		{5B302356-5043-52D1-89D4-428F90692410}.Debug|Any CPU.ActiveCfg = Debug|Any CPU
		{5B302356-5043-52D1-89D4-428F90692410}.Debug|Any CPU.Build.0 = Debug|Any CPU
		{5B302356-5043-52D1-89D4-428F90692410}.Release|Any CPU.ActiveCfg = Release|Any CPU
		{5B302356-5043-52D1-89D4-428F90692410}.Release|Any CPU.Build.0 = Release|Any CPU
		{9CF92F61-B4A8-6481-DB87-6243BC224D5F}.Debug|Any CPU.ActiveCfg = Debug|Any CPU
		{9CF92F61-B4A8-6481-DB87-6243BC224D5F}.Debug|Any CPU.Build.0 = Debug|Any CPU
		{9CF92F61-B4A8-6481-DB87-6243BC224D5F}.Release|Any CPU.ActiveCfg = Release|Any CPU
		{9CF92F61-B4A8-6481-DB87-6243BC224D5F}.Release|Any CPU.Build.0 = Release|Any CPU
		{FCBC2F8B-6AC2-27FD-0A5B-858F71735AE6}.Debug|Any CPU.ActiveCfg = Debug|Any CPU
		{FCBC2F8B-6AC2-27FD-0A5B-858F71735AE6}.Debug|Any CPU.Build.0 = Debug|Any CPU
		{FCBC2F8B-6AC2-27FD-0A5B-858F71735AE6}.Release|Any CPU.ActiveCfg = Release|Any CPU
		{FCBC2F8B-6AC2-27FD-0A5B-858F71735AE6}.Release|Any CPU.Build.0 = Release|Any CPU
		{D51B9534-BD06-1430-E879-51A3C164F02F}.Debug|Any CPU.ActiveCfg = Debug|Any CPU
		{D51B9534-BD06-1430-E879-51A3C164F02F}.Debug|Any CPU.Build.0 = Debug|Any CPU
		{D51B9534-BD06-1430-E879-51A3C164F02F}.Release|Any CPU.ActiveCfg = Release|Any CPU
		{D51B9534-BD06-1430-E879-51A3C164F02F}.Release|Any CPU.Build.0 = Release|Any CPU
		{7B582B96-ADC6-7359-C4AC-22FA4777CBD1}.Debug|Any CPU.ActiveCfg = Debug|Any CPU
		{7B582B96-ADC6-7359-C4AC-22FA4777CBD1}.Debug|Any CPU.Build.0 = Debug|Any CPU
		{7B582B96-ADC6-7359-C4AC-22FA4777CBD1}.Release|Any CPU.ActiveCfg = Release|Any CPU
		{7B582B96-ADC6-7359-C4AC-22FA4777CBD1}.Release|Any CPU.Build.0 = Release|Any CPU
		{B8D89AE2-A97B-D321-42D9-BC3BB9E723AB}.Debug|Any CPU.ActiveCfg = Debug|Any CPU
		{B8D89AE2-A97B-D321-42D9-BC3BB9E723AB}.Debug|Any CPU.Build.0 = Debug|Any CPU
		{B8D89AE2-A97B-D321-42D9-BC3BB9E723AB}.Release|Any CPU.ActiveCfg = Release|Any CPU
		{B8D89AE2-A97B-D321-42D9-BC3BB9E723AB}.Release|Any CPU.Build.0 = Release|Any CPU
		{3670CE3A-23A9-80FE-3568-A46D9B5910DB}.Debug|Any CPU.ActiveCfg = Debug|Any CPU
		{3670CE3A-23A9-80FE-3568-A46D9B5910DB}.Debug|Any CPU.Build.0 = Debug|Any CPU
		{3670CE3A-23A9-80FE-3568-A46D9B5910DB}.Release|Any CPU.ActiveCfg = Release|Any CPU
		{3670CE3A-23A9-80FE-3568-A46D9B5910DB}.Release|Any CPU.Build.0 = Release|Any CPU
		{5E394C94-9606-207C-7FEA-18E92BA17DCE}.Debug|Any CPU.ActiveCfg = Debug|Any CPU
		{5E394C94-9606-207C-7FEA-18E92BA17DCE}.Debug|Any CPU.Build.0 = Debug|Any CPU
		{5E394C94-9606-207C-7FEA-18E92BA17DCE}.Release|Any CPU.ActiveCfg = Release|Any CPU
		{5E394C94-9606-207C-7FEA-18E92BA17DCE}.Release|Any CPU.Build.0 = Release|Any CPU
		{158A35EB-3463-449C-CBED-9DEB7C4D629B}.Debug|Any CPU.ActiveCfg = Debug|Any CPU
		{158A35EB-3463-449C-CBED-9DEB7C4D629B}.Debug|Any CPU.Build.0 = Debug|Any CPU
		{158A35EB-3463-449C-CBED-9DEB7C4D629B}.Release|Any CPU.ActiveCfg = Release|Any CPU
		{158A35EB-3463-449C-CBED-9DEB7C4D629B}.Release|Any CPU.Build.0 = Release|Any CPU
		{3CB16D78-6BC4-178D-F3FA-995A5FD83710}.Debug|Any CPU.ActiveCfg = Debug|Any CPU
		{3CB16D78-6BC4-178D-F3FA-995A5FD83710}.Debug|Any CPU.Build.0 = Debug|Any CPU
		{3CB16D78-6BC4-178D-F3FA-995A5FD83710}.Release|Any CPU.ActiveCfg = Release|Any CPU
		{3CB16D78-6BC4-178D-F3FA-995A5FD83710}.Release|Any CPU.Build.0 = Release|Any CPU
		{C0F71B35-8939-0196-AB5F-48D7398F307A}.Debug|Any CPU.ActiveCfg = Debug|Any CPU
		{C0F71B35-8939-0196-AB5F-48D7398F307A}.Debug|Any CPU.Build.0 = Debug|Any CPU
		{C0F71B35-8939-0196-AB5F-48D7398F307A}.Release|Any CPU.ActiveCfg = Release|Any CPU
		{C0F71B35-8939-0196-AB5F-48D7398F307A}.Release|Any CPU.Build.0 = Release|Any CPU
		{1E4BE190-3CB6-45B1-83DC-A2B37DBFDE91}.Debug|Any CPU.ActiveCfg = Debug|Any CPU
		{1E4BE190-3CB6-45B1-83DC-A2B37DBFDE91}.Debug|Any CPU.Build.0 = Debug|Any CPU
		{1E4BE190-3CB6-45B1-83DC-A2B37DBFDE91}.Release|Any CPU.ActiveCfg = Release|Any CPU
		{1E4BE190-3CB6-45B1-83DC-A2B37DBFDE91}.Release|Any CPU.Build.0 = Release|Any CPU
		{15FA0740-B7E6-AF3B-CFCD-D49AAE962A66}.Debug|Any CPU.ActiveCfg = Debug|Any CPU
		{15FA0740-B7E6-AF3B-CFCD-D49AAE962A66}.Debug|Any CPU.Build.0 = Debug|Any CPU
		{15FA0740-B7E6-AF3B-CFCD-D49AAE962A66}.Release|Any CPU.ActiveCfg = Release|Any CPU
		{15FA0740-B7E6-AF3B-CFCD-D49AAE962A66}.Release|Any CPU.Build.0 = Release|Any CPU
		{025387B8-CBAF-B44A-21DA-1E3985D12440}.Debug|Any CPU.ActiveCfg = Debug|Any CPU
		{025387B8-CBAF-B44A-21DA-1E3985D12440}.Debug|Any CPU.Build.0 = Debug|Any CPU
		{025387B8-CBAF-B44A-21DA-1E3985D12440}.Release|Any CPU.ActiveCfg = Release|Any CPU
		{025387B8-CBAF-B44A-21DA-1E3985D12440}.Release|Any CPU.Build.0 = Release|Any CPU
		{5C11FC91-0CAF-AEEE-2272-81A4B79C0557}.Debug|Any CPU.ActiveCfg = Debug|Any CPU
		{5C11FC91-0CAF-AEEE-2272-81A4B79C0557}.Debug|Any CPU.Build.0 = Debug|Any CPU
		{5C11FC91-0CAF-AEEE-2272-81A4B79C0557}.Release|Any CPU.ActiveCfg = Release|Any CPU
		{5C11FC91-0CAF-AEEE-2272-81A4B79C0557}.Release|Any CPU.Build.0 = Release|Any CPU
		{AE985DC0-D397-09F5-6544-67D5FA2F195A}.Debug|Any CPU.ActiveCfg = Debug|Any CPU
		{AE985DC0-D397-09F5-6544-67D5FA2F195A}.Debug|Any CPU.Build.0 = Debug|Any CPU
		{AE985DC0-D397-09F5-6544-67D5FA2F195A}.Release|Any CPU.ActiveCfg = Release|Any CPU
		{AE985DC0-D397-09F5-6544-67D5FA2F195A}.Release|Any CPU.Build.0 = Release|Any CPU
		{8A02AF6E-3F59-A609-FA6B-36464E99D6FE}.Debug|Any CPU.ActiveCfg = Debug|Any CPU
		{8A02AF6E-3F59-A609-FA6B-36464E99D6FE}.Debug|Any CPU.Build.0 = Debug|Any CPU
		{8A02AF6E-3F59-A609-FA6B-36464E99D6FE}.Release|Any CPU.ActiveCfg = Release|Any CPU
		{8A02AF6E-3F59-A609-FA6B-36464E99D6FE}.Release|Any CPU.Build.0 = Release|Any CPU
		{B75C05A2-8DB1-7A03-CD41-2B0BAE39AC7C}.Debug|Any CPU.ActiveCfg = Debug|Any CPU
		{B75C05A2-8DB1-7A03-CD41-2B0BAE39AC7C}.Debug|Any CPU.Build.0 = Debug|Any CPU
		{B75C05A2-8DB1-7A03-CD41-2B0BAE39AC7C}.Release|Any CPU.ActiveCfg = Release|Any CPU
		{B75C05A2-8DB1-7A03-CD41-2B0BAE39AC7C}.Release|Any CPU.Build.0 = Release|Any CPU
		{0E54E3A3-285A-FEF9-2B43-0AEB4FF78657}.Debug|Any CPU.ActiveCfg = Debug|Any CPU
		{0E54E3A3-285A-FEF9-2B43-0AEB4FF78657}.Debug|Any CPU.Build.0 = Debug|Any CPU
		{0E54E3A3-285A-FEF9-2B43-0AEB4FF78657}.Release|Any CPU.ActiveCfg = Release|Any CPU
		{0E54E3A3-285A-FEF9-2B43-0AEB4FF78657}.Release|Any CPU.Build.0 = Release|Any CPU
	EndGlobalSection
	GlobalSection(SolutionProperties) = preSolution
		HideSolutionNode = FALSE
	EndGlobalSection
EndGlobal
