
Microsoft Visual Studio Solution File, Format Version 11.00
# Visual Studio 2010
Project("{FAE04EC0-301F-11D3-BF4B-00C04F79EFBC}") = "UnityEngine.TestRunner", "UnityEngine.TestRunner.csproj", "{37be6430-5290-34a8-5adb-64c2fa8677a0}"
EndProject
Project("{FAE04EC0-301F-11D3-BF4B-00C04F79EFBC}") = "UnityEngine.UI", "UnityEngine.UI.csproj", "{8307f49c-c4d6-f6a1-4d26-2aa31d790df0}"
EndProject
Project("{FAE04EC0-301F-11D3-BF4B-00C04F79EFBC}") = "Unity.Services.Core.Telemetry", "Unity.Services.Core.Telemetry.csproj", "{1771e81f-f09a-42c4-dab3-c8ea2c98820e}"
EndProject
Project("{FAE04EC0-301F-11D3-BF4B-00C04F79EFBC}") = "Unity.Timeline", "Unity.Timeline.csproj", "{8b2fbcfc-c26a-fd27-0a5b-858f71735ae6}"
EndProject
Project("{FAE04EC0-301F-11D3-BF4B-00C04F79EFBC}") = "Unity.TextMeshPro", "Unity.TextMeshPro.csproj", "{612ff99c-a8b4-8164-db87-6243bc224d5f}"
EndProject
Project("{FAE04EC0-301F-11D3-BF4B-00C04F79EFBC}") = "Unity.Services.Core.Environments.Internal", "Unity.Services.Core.Environments.Internal.csproj", "{53c4132f-04cd-d149-a9c5-9665bf046efb}"
EndProject
Project("{FAE04EC0-301F-11D3-BF4B-00C04F79EFBC}") = "Unity.Services.Core.Internal", "Unity.Services.Core.Internal.csproj", "{925c13b4-74dd-6167-c56f-1aca69d5dbca}"
EndProject
Project("{FAE04EC0-301F-11D3-BF4B-00C04F79EFBC}") = "Assembly-CSharp", "Assembly-CSharp.csproj", "{34951bd5-06bd-3014-e879-51a3c164f02f}"
EndProject
Project("{FAE04EC0-301F-11D3-BF4B-00C04F79EFBC}") = "Unity.Services.Core.Configuration", "Unity.Services.Core.Configuration.csproj", "{9900db87-c4a6-4855-0a0c-c4f8094ebb54}"
EndProject
Project("{FAE04EC0-301F-11D3-BF4B-00C04F79EFBC}") = "Unity.Services.Core", "Unity.Services.Core.csproj", "{9d478631-c060-a42c-8c1f-a6ada80cbce9}"
EndProject
Project("{FAE04EC0-301F-11D3-BF4B-00C04F79EFBC}") = "Unity.Services.Core.Environments", "Unity.Services.Core.Environments.csproj", "{eac63e2e-f37d-130f-67b9-a3b0df9e9cab}"
EndProject
Project("{FAE04EC0-301F-11D3-BF4B-00C04F79EFBC}") = "Unity.Services.Core.Networking", "Unity.Services.Core.Networking.csproj", "{cf5c8284-94cf-26c3-7547-9de7b67827e2}"
EndProject
Project("{FAE04EC0-301F-11D3-BF4B-00C04F79EFBC}") = "Unity.Services.Core.Analytics", "Unity.Services.Core.Analytics.csproj", "{f630fe4d-ce77-acd9-bed3-6c84de371eb3}"
EndProject
Project("{FAE04EC0-301F-11D3-BF4B-00C04F79EFBC}") = "Unity.Services.Core.Scheduler", "Unity.Services.Core.Scheduler.csproj", "{3fee5019-c86b-45e9-e5e2-df2c35a6653d}"
EndProject
Project("{FAE04EC0-301F-11D3-BF4B-00C04F79EFBC}") = "Unity.Services.Core.Registration", "Unity.Services.Core.Registration.csproj", "{6a046074-47b1-bdc0-373a-de94b635ad17}"
EndProject
Project("{FAE04EC0-301F-11D3-BF4B-00C04F79EFBC}") = "Unity.Services.Core.Device", "Unity.Services.Core.Device.csproj", "{992494d2-baee-f975-7717-31655fd60e05}"
EndProject
Project("{FAE04EC0-301F-11D3-BF4B-00C04F79EFBC}") = "Unity.Services.Core.Threading", "Unity.Services.Core.Threading.csproj", "{91be34da-daf1-4fac-c3e7-7dac73cf60b2}"
EndProject
Project("{FAE04EC0-301F-11D3-BF4B-00C04F79EFBC}") = "UnityEditor.TestRunner", "UnityEditor.TestRunner.csproj", "{b8875302-afcb-4ab4-21da-1e3985d12440}"
EndProject
Project("{FAE04EC0-301F-11D3-BF4B-00C04F79EFBC}") = "Unity.PlasticSCM.Editor", "Unity.PlasticSCM.Editor.csproj", "{962b587b-c6ad-5973-c4ac-22fa4777cbd1}"
EndProject
Project("{FAE04EC0-301F-11D3-BF4B-00C04F79EFBC}") = "UnityEditor.UI", "UnityEditor.UI.csproj", "{a2055cb7-b18d-037a-cd41-2b0bae39ac7c}"
EndProject
Project("{FAE04EC0-301F-11D3-BF4B-00C04F79EFBC}") = "Unity.Timeline.Editor", "Unity.Timeline.Editor.csproj", "{eb358a15-6334-9c44-cbed-9deb7c4d629b}"
EndProject
Project("{FAE04EC0-301F-11D3-BF4B-00C04F79EFBC}") = "Unity.VisualStudio.Editor", "Unity.VisualStudio.Editor.csproj", "{944c395e-0696-7c20-7fea-18e92ba17dce}"
EndProject
Project("{FAE04EC0-301F-11D3-BF4B-00C04F79EFBC}") = "Unity.TextMeshPro.Editor", "Unity.TextMeshPro.Editor.csproj", "{351bf7c0-3989-9601-ab5f-48d7398f307a}"
EndProject
Project("{FAE04EC0-301F-11D3-BF4B-00C04F79EFBC}") = "Unity.CollabProxy.Editor", "Unity.CollabProxy.Editor.csproj", "{4007fa15-e6b7-3baf-cfcd-d49aae962a66}"
EndProject
Project("{FAE04EC0-301F-11D3-BF4B-00C04F79EFBC}") = "Unity.Services.Core.Editor", "Unity.Services.Core.Editor.csproj", "{c05d98ae-97d3-f509-6544-67d5fa2f195a}"
EndProject
Project("{FAE04EC0-301F-11D3-BF4B-00C04F79EFBC}") = "Unity.Rider.Editor", "Unity.Rider.Editor.csproj", "{91fc115c-af0c-eeae-2272-81a4b79c0557}"
EndProject
Project("{FAE04EC0-301F-11D3-BF4B-00C04F79EFBC}") = "Unity.VSCode.Editor", "Unity.VSCode.Editor.csproj", "{6eaf028a-593f-09a6-fa6b-36464e99d6fe}"
EndProject
Project("{FAE04EC0-301F-11D3-BF4B-00C04F79EFBC}") = "Unity.Services.Core.Configuration.Editor", "Unity.Services.Core.Configuration.Editor.csproj", "{01d87e02-dc69-6abd-b72f-ce579af25fe3}"
EndProject
Project("{FAE04EC0-301F-11D3-BF4B-00C04F79EFBC}") = "Unity.SysrootPackage.Editor", "Unity.SysrootPackage.Editor.csproj", "{6e5984a8-684b-5669-79d9-2686f022ed05}"
EndProject
Project("{FAE04EC0-301F-11D3-BF4B-00C04F79EFBC}") = "Unity.Sysroot.Linux_x86_64", "Unity.Sysroot.Linux_x86_64.csproj", "{2bd06824-867b-dfe9-23a5-7f6f91331185}"
EndProject
Project("{FAE04EC0-301F-11D3-BF4B-00C04F79EFBC}") = "Unity.Toolchain.Linux-x86_64", "Unity.Toolchain.Linux-x86_64.csproj", "{5eb13aa3-dd3a-92c9-62cf-ccf91988d770}"
EndProject
Global
	GlobalSection(SolutionConfigurationPlatforms) = preSolution
		Debug|Any CPU = Debug|Any CPU
	EndGlobalSection
	GlobalSection(ProjectConfigurationPlatforms) = postSolution
		{37be6430-5290-34a8-5adb-64c2fa8677a0}.Debug|Any CPU.ActiveCfg = Debug|Any CPU
		{37be6430-5290-34a8-5adb-64c2fa8677a0}.Debug|Any CPU.Build.0 = Debug|Any CPU
		{8307f49c-c4d6-f6a1-4d26-2aa31d790df0}.Debug|Any CPU.ActiveCfg = Debug|Any CPU
		{8307f49c-c4d6-f6a1-4d26-2aa31d790df0}.Debug|Any CPU.Build.0 = Debug|Any CPU
		{1771e81f-f09a-42c4-dab3-c8ea2c98820e}.Debug|Any CPU.ActiveCfg = Debug|Any CPU
		{1771e81f-f09a-42c4-dab3-c8ea2c98820e}.Debug|Any CPU.Build.0 = Debug|Any CPU
		{8b2fbcfc-c26a-fd27-0a5b-858f71735ae6}.Debug|Any CPU.ActiveCfg = Debug|Any CPU
		{8b2fbcfc-c26a-fd27-0a5b-858f71735ae6}.Debug|Any CPU.Build.0 = Debug|Any CPU
		{612ff99c-a8b4-8164-db87-6243bc224d5f}.Debug|Any CPU.ActiveCfg = Debug|Any CPU
		{612ff99c-a8b4-8164-db87-6243bc224d5f}.Debug|Any CPU.Build.0 = Debug|Any CPU
		{53c4132f-04cd-d149-a9c5-9665bf046efb}.Debug|Any CPU.ActiveCfg = Debug|Any CPU
		{53c4132f-04cd-d149-a9c5-9665bf046efb}.Debug|Any CPU.Build.0 = Debug|Any CPU
		{925c13b4-74dd-6167-c56f-1aca69d5dbca}.Debug|Any CPU.ActiveCfg = Debug|Any CPU
		{925c13b4-74dd-6167-c56f-1aca69d5dbca}.Debug|Any CPU.Build.0 = Debug|Any CPU
		{34951bd5-06bd-3014-e879-51a3c164f02f}.Debug|Any CPU.ActiveCfg = Debug|Any CPU
		{34951bd5-06bd-3014-e879-51a3c164f02f}.Debug|Any CPU.Build.0 = Debug|Any CPU
		{9900db87-c4a6-4855-0a0c-c4f8094ebb54}.Debug|Any CPU.ActiveCfg = Debug|Any CPU
		{9900db87-c4a6-4855-0a0c-c4f8094ebb54}.Debug|Any CPU.Build.0 = Debug|Any CPU
		{9d478631-c060-a42c-8c1f-a6ada80cbce9}.Debug|Any CPU.ActiveCfg = Debug|Any CPU
		{9d478631-c060-a42c-8c1f-a6ada80cbce9}.Debug|Any CPU.Build.0 = Debug|Any CPU
		{eac63e2e-f37d-130f-67b9-a3b0df9e9cab}.Debug|Any CPU.ActiveCfg = Debug|Any CPU
		{eac63e2e-f37d-130f-67b9-a3b0df9e9cab}.Debug|Any CPU.Build.0 = Debug|Any CPU
		{cf5c8284-94cf-26c3-7547-9de7b67827e2}.Debug|Any CPU.ActiveCfg = Debug|Any CPU
		{cf5c8284-94cf-26c3-7547-9de7b67827e2}.Debug|Any CPU.Build.0 = Debug|Any CPU
		{f630fe4d-ce77-acd9-bed3-6c84de371eb3}.Debug|Any CPU.ActiveCfg = Debug|Any CPU
		{f630fe4d-ce77-acd9-bed3-6c84de371eb3}.Debug|Any CPU.Build.0 = Debug|Any CPU
		{3fee5019-c86b-45e9-e5e2-df2c35a6653d}.Debug|Any CPU.ActiveCfg = Debug|Any CPU
		{3fee5019-c86b-45e9-e5e2-df2c35a6653d}.Debug|Any CPU.Build.0 = Debug|Any CPU
		{6a046074-47b1-bdc0-373a-de94b635ad17}.Debug|Any CPU.ActiveCfg = Debug|Any CPU
		{6a046074-47b1-bdc0-373a-de94b635ad17}.Debug|Any CPU.Build.0 = Debug|Any CPU
		{992494d2-baee-f975-7717-31655fd60e05}.Debug|Any CPU.ActiveCfg = Debug|Any CPU
		{992494d2-baee-f975-7717-31655fd60e05}.Debug|Any CPU.Build.0 = Debug|Any CPU
		{91be34da-daf1-4fac-c3e7-7dac73cf60b2}.Debug|Any CPU.ActiveCfg = Debug|Any CPU
		{91be34da-daf1-4fac-c3e7-7dac73cf60b2}.Debug|Any CPU.Build.0 = Debug|Any CPU
		{b8875302-afcb-4ab4-21da-1e3985d12440}.Debug|Any CPU.ActiveCfg = Debug|Any CPU
		{b8875302-afcb-4ab4-21da-1e3985d12440}.Debug|Any CPU.Build.0 = Debug|Any CPU
		{962b587b-c6ad-5973-c4ac-22fa4777cbd1}.Debug|Any CPU.ActiveCfg = Debug|Any CPU
		{962b587b-c6ad-5973-c4ac-22fa4777cbd1}.Debug|Any CPU.Build.0 = Debug|Any CPU
		{a2055cb7-b18d-037a-cd41-2b0bae39ac7c}.Debug|Any CPU.ActiveCfg = Debug|Any CPU
		{a2055cb7-b18d-037a-cd41-2b0bae39ac7c}.Debug|Any CPU.Build.0 = Debug|Any CPU
		{eb358a15-6334-9c44-cbed-9deb7c4d629b}.Debug|Any CPU.ActiveCfg = Debug|Any CPU
		{eb358a15-6334-9c44-cbed-9deb7c4d629b}.Debug|Any CPU.Build.0 = Debug|Any CPU
		{944c395e-0696-7c20-7fea-18e92ba17dce}.Debug|Any CPU.ActiveCfg = Debug|Any CPU
		{944c395e-0696-7c20-7fea-18e92ba17dce}.Debug|Any CPU.Build.0 = Debug|Any CPU
		{351bf7c0-3989-9601-ab5f-48d7398f307a}.Debug|Any CPU.ActiveCfg = Debug|Any CPU
		{351bf7c0-3989-9601-ab5f-48d7398f307a}.Debug|Any CPU.Build.0 = Debug|Any CPU
		{4007fa15-e6b7-3baf-cfcd-d49aae962a66}.Debug|Any CPU.ActiveCfg = Debug|Any CPU
		{4007fa15-e6b7-3baf-cfcd-d49aae962a66}.Debug|Any CPU.Build.0 = Debug|Any CPU
		{c05d98ae-97d3-f509-6544-67d5fa2f195a}.Debug|Any CPU.ActiveCfg = Debug|Any CPU
		{c05d98ae-97d3-f509-6544-67d5fa2f195a}.Debug|Any CPU.Build.0 = Debug|Any CPU
		{91fc115c-af0c-eeae-2272-81a4b79c0557}.Debug|Any CPU.ActiveCfg = Debug|Any CPU
		{91fc115c-af0c-eeae-2272-81a4b79c0557}.Debug|Any CPU.Build.0 = Debug|Any CPU
		{6eaf028a-593f-09a6-fa6b-36464e99d6fe}.Debug|Any CPU.ActiveCfg = Debug|Any CPU
		{6eaf028a-593f-09a6-fa6b-36464e99d6fe}.Debug|Any CPU.Build.0 = Debug|Any CPU
		{01d87e02-dc69-6abd-b72f-ce579af25fe3}.Debug|Any CPU.ActiveCfg = Debug|Any CPU
		{01d87e02-dc69-6abd-b72f-ce579af25fe3}.Debug|Any CPU.Build.0 = Debug|Any CPU
		{6e5984a8-684b-5669-79d9-2686f022ed05}.Debug|Any CPU.ActiveCfg = Debug|Any CPU
		{6e5984a8-684b-5669-79d9-2686f022ed05}.Debug|Any CPU.Build.0 = Debug|Any CPU
		{2bd06824-867b-dfe9-23a5-7f6f91331185}.Debug|Any CPU.ActiveCfg = Debug|Any CPU
		{2bd06824-867b-dfe9-23a5-7f6f91331185}.Debug|Any CPU.Build.0 = Debug|Any CPU
		{5eb13aa3-dd3a-92c9-62cf-ccf91988d770}.Debug|Any CPU.ActiveCfg = Debug|Any CPU
		{5eb13aa3-dd3a-92c9-62cf-ccf91988d770}.Debug|Any CPU.Build.0 = Debug|Any CPU
	EndGlobalSection
	GlobalSection(SolutionProperties) = preSolution
		HideSolutionNode = FALSE
	EndGlobalSection
EndGlobal
